{
  "name": "stat-genie",
  "lockfileVersion": 3,
  "requires": true,
  "packages": {
    "": {
      "dependencies": {
        "@openai/codex": "^0.92.0"
      }
    },
    "node_modules/@openai/codex": {
      "version": "0.92.0",
      "resolved": "https://registry.npmjs.org/@openai/codex/-/codex-0.92.0.tgz",
      "integrity": "sha512-DR9A2QlJDtEpMwqUGMIztTCzzCYTVrM7rqG3XuMVURnQ4b7XrScmY5RnSUuUZ/ga7wDTqw0BTmVzPurm4NX3Tw==",
      "license": "Apache-2.0",
      "bin": {
        "codex": "bin/codex.js"
      },
      "engines": {
        "node": ">=16"
      }
    }
  }
}
